
Microsoft Visual Studio Solution File, Format Version 12.00
# Visual Studio Version 16
VisualStudioVersion = 16.0.31729.503
MinimumVisualStudioVersion = 10.0.40219.1
Project("{FAE04EC0-301F-11D3-BF4B-00C04F79EFBC}") = "Steganografija slike", "Steganografija slike.csproj", "{DC4755CD-E112-4EAA-897D-D6E2DEAE1E1C}"
EndProject
Global
	GlobalSection(SolutionConfigurationPlatforms) = preSolution
		Debug|Any CPU = Debug|Any CPU
		Release|Any CPU = Release|Any CPU
	EndGlobalSection
	GlobalSection(ProjectConfigurationPlatforms) = postSolution
		{DC4755CD-E112-4EAA-897D-D6E2DEAE1E1C}.Debug|Any CPU.ActiveCfg = Debug|Any CPU
		{DC4755CD-E112-4EAA-897D-D6E2DEAE1E1C}.Debug|Any CPU.Build.0 = Debug|Any CPU
		{DC4755CD-E112-4EAA-897D-D6E2DEAE1E1C}.Release|Any CPU.ActiveCfg = Release|Any CPU
		{DC4755CD-E112-4EAA-897D-D6E2DEAE1E1C}.Release|Any CPU.Build.0 = Release|Any CPU
	EndGlobalSection
	GlobalSection(SolutionProperties) = preSolution
		HideSolutionNode = FALSE
	EndGlobalSection
	GlobalSection(ExtensibilityGlobals) = postSolution
		SolutionGuid = {A8F53ED4-55C9-4EA7-89AA-8CAA93F26CD5}
	EndGlobalSection
EndGlobal
